
Microsoft Visual Studio Solution File, Format Version 12.00
# Visual Studio Version 17
VisualStudioVersion = 17.14.36511.14 d17.14
MinimumVisualStudioVersion = 10.0.40219.1
Project("{FAE04EC0-301F-11D3-BF4B-00C04F79EFBC}") = "04.01", "04.01\04.01.csproj", "{AFD104FF-A122-4A9D-AD79-1137B8BC00D3}"
EndProject
Global
	GlobalSection(SolutionConfigurationPlatforms) = preSolution
		Debug|Any CPU = Debug|Any CPU
		Release|Any CPU = Release|Any CPU
	EndGlobalSection
	GlobalSection(ProjectConfigurationPlatforms) = postSolution
		{AFD104FF-A122-4A9D-AD79-1137B8BC00D3}.Debug|Any CPU.ActiveCfg = Debug|Any CPU
		{AFD104FF-A122-4A9D-AD79-1137B8BC00D3}.Debug|Any CPU.Build.0 = Debug|Any CPU
		{AFD104FF-A122-4A9D-AD79-1137B8BC00D3}.Release|Any CPU.ActiveCfg = Release|Any CPU
		{AFD104FF-A122-4A9D-AD79-1137B8BC00D3}.Release|Any CPU.Build.0 = Release|Any CPU
	EndGlobalSection
	GlobalSection(SolutionProperties) = preSolution
		HideSolutionNode = FALSE
	EndGlobalSection
	GlobalSection(ExtensibilityGlobals) = postSolution
		SolutionGuid = {65FB4676-59F8-4609-8F1A-5E377689A79C}
	EndGlobalSection
EndGlobal
