
Microsoft Visual Studio Solution File, Format Version 12.00
# Visual Studio Version 17
VisualStudioVersion = 17.14.36511.14 d17.14
MinimumVisualStudioVersion = 10.0.40219.1
Project("{FAE04EC0-301F-11D3-BF4B-00C04F79EFBC}") = "04.10", "04.10\04.10.csproj", "{AD250DD4-58B8-4FB2-A8FD-A70EB571CD33}"
EndProject
Global
	GlobalSection(SolutionConfigurationPlatforms) = preSolution
		Debug|Any CPU = Debug|Any CPU
		Release|Any CPU = Release|Any CPU
	EndGlobalSection
	GlobalSection(ProjectConfigurationPlatforms) = postSolution
		{AD250DD4-58B8-4FB2-A8FD-A70EB571CD33}.Debug|Any CPU.ActiveCfg = Debug|Any CPU
		{AD250DD4-58B8-4FB2-A8FD-A70EB571CD33}.Debug|Any CPU.Build.0 = Debug|Any CPU
		{AD250DD4-58B8-4FB2-A8FD-A70EB571CD33}.Release|Any CPU.ActiveCfg = Release|Any CPU
		{AD250DD4-58B8-4FB2-A8FD-A70EB571CD33}.Release|Any CPU.Build.0 = Release|Any CPU
	EndGlobalSection
	GlobalSection(SolutionProperties) = preSolution
		HideSolutionNode = FALSE
	EndGlobalSection
	GlobalSection(ExtensibilityGlobals) = postSolution
		SolutionGuid = {0F7F834B-D95E-47CF-98E7-A391B392149D}
	EndGlobalSection
EndGlobal
