
Microsoft Visual Studio Solution File, Format Version 12.00
# Visual Studio Version 17
VisualStudioVersion = 17.14.36511.14 d17.14
MinimumVisualStudioVersion = 10.0.40219.1
Project("{FAE04EC0-301F-11D3-BF4B-00C04F79EFBC}") = "04.07", "04.07\04.07.csproj", "{79BD3171-6EC1-45EC-8FB2-8B7FAB4B35C6}"
EndProject
Global
	GlobalSection(SolutionConfigurationPlatforms) = preSolution
		Debug|Any CPU = Debug|Any CPU
		Release|Any CPU = Release|Any CPU
	EndGlobalSection
	GlobalSection(ProjectConfigurationPlatforms) = postSolution
		{79BD3171-6EC1-45EC-8FB2-8B7FAB4B35C6}.Debug|Any CPU.ActiveCfg = Debug|Any CPU
		{79BD3171-6EC1-45EC-8FB2-8B7FAB4B35C6}.Debug|Any CPU.Build.0 = Debug|Any CPU
		{79BD3171-6EC1-45EC-8FB2-8B7FAB4B35C6}.Release|Any CPU.ActiveCfg = Release|Any CPU
		{79BD3171-6EC1-45EC-8FB2-8B7FAB4B35C6}.Release|Any CPU.Build.0 = Release|Any CPU
	EndGlobalSection
	GlobalSection(SolutionProperties) = preSolution
		HideSolutionNode = FALSE
	EndGlobalSection
	GlobalSection(ExtensibilityGlobals) = postSolution
		SolutionGuid = {BD3F5613-3B3D-49F2-B07A-6154A1F93A2C}
	EndGlobalSection
EndGlobal
