
Microsoft Visual Studio Solution File, Format Version 12.00
# Visual Studio Version 17
VisualStudioVersion = 17.14.36511.14 d17.14
MinimumVisualStudioVersion = 10.0.40219.1
Project("{FAE04EC0-301F-11D3-BF4B-00C04F79EFBC}") = "Axis", "Axis\Axis.csproj", "{B60655EB-9D45-41C5-9E49-3F699AC10E43}"
EndProject
Global
	GlobalSection(SolutionConfigurationPlatforms) = preSolution
		Debug|Any CPU = Debug|Any CPU
		Release|Any CPU = Release|Any CPU
	EndGlobalSection
	GlobalSection(ProjectConfigurationPlatforms) = postSolution
		{B60655EB-9D45-41C5-9E49-3F699AC10E43}.Debug|Any CPU.ActiveCfg = Debug|Any CPU
		{B60655EB-9D45-41C5-9E49-3F699AC10E43}.Debug|Any CPU.Build.0 = Debug|Any CPU
		{B60655EB-9D45-41C5-9E49-3F699AC10E43}.Release|Any CPU.ActiveCfg = Release|Any CPU
		{B60655EB-9D45-41C5-9E49-3F699AC10E43}.Release|Any CPU.Build.0 = Release|Any CPU
	EndGlobalSection
	GlobalSection(SolutionProperties) = preSolution
		HideSolutionNode = FALSE
	EndGlobalSection
	GlobalSection(ExtensibilityGlobals) = postSolution
		SolutionGuid = {FB600C21-A3DC-486B-9834-6F6666CF093B}
	EndGlobalSection
EndGlobal
