
Microsoft Visual Studio Solution File, Format Version 12.00
# Visual Studio Version 17
VisualStudioVersion = 17.14.36511.14 d17.14
MinimumVisualStudioVersion = 10.0.40219.1
Project("{FAE04EC0-301F-11D3-BF4B-00C04F79EFBC}") = "03.13", "03.13\03.13.csproj", "{2B331D1D-D547-4EDE-8DF1-49814C92EE7A}"
EndProject
Global
	GlobalSection(SolutionConfigurationPlatforms) = preSolution
		Debug|Any CPU = Debug|Any CPU
		Release|Any CPU = Release|Any CPU
	EndGlobalSection
	GlobalSection(ProjectConfigurationPlatforms) = postSolution
		{2B331D1D-D547-4EDE-8DF1-49814C92EE7A}.Debug|Any CPU.ActiveCfg = Debug|Any CPU
		{2B331D1D-D547-4EDE-8DF1-49814C92EE7A}.Debug|Any CPU.Build.0 = Debug|Any CPU
		{2B331D1D-D547-4EDE-8DF1-49814C92EE7A}.Release|Any CPU.ActiveCfg = Release|Any CPU
		{2B331D1D-D547-4EDE-8DF1-49814C92EE7A}.Release|Any CPU.Build.0 = Release|Any CPU
	EndGlobalSection
	GlobalSection(SolutionProperties) = preSolution
		HideSolutionNode = FALSE
	EndGlobalSection
	GlobalSection(ExtensibilityGlobals) = postSolution
		SolutionGuid = {64C78FA2-A941-4756-BC0E-F5B2BD21C0A6}
	EndGlobalSection
EndGlobal
